
Microsoft Visual Studio Solution File, Format Version 12.00
# Visual Studio Version 17
VisualStudioVersion = 17.3.32825.248
MinimumVisualStudioVersion = 10.0.40219.1
Project("{FAE04EC0-301F-11D3-BF4B-00C04F79EFBC}") = "InfrormationSystem", "InfrormationSystem\InfrormationSystem.csproj", "{7592C2BA-F752-4F3E-9916-50950476AEBD}"
EndProject
Global
	GlobalSection(SolutionConfigurationPlatforms) = preSolution
		Debug|Any CPU = Debug|Any CPU
		Release|Any CPU = Release|Any CPU
	EndGlobalSection
	GlobalSection(ProjectConfigurationPlatforms) = postSolution
		{7592C2BA-F752-4F3E-9916-50950476AEBD}.Debug|Any CPU.ActiveCfg = Debug|Any CPU
		{7592C2BA-F752-4F3E-9916-50950476AEBD}.Debug|Any CPU.Build.0 = Debug|Any CPU
		{7592C2BA-F752-4F3E-9916-50950476AEBD}.Release|Any CPU.ActiveCfg = Release|Any CPU
		{7592C2BA-F752-4F3E-9916-50950476AEBD}.Release|Any CPU.Build.0 = Release|Any CPU
	EndGlobalSection
	GlobalSection(SolutionProperties) = preSolution
		HideSolutionNode = FALSE
	EndGlobalSection
	GlobalSection(ExtensibilityGlobals) = postSolution
		SolutionGuid = {D1059AF2-81C1-474C-BA0E-28D9B0C5C687}
	EndGlobalSection
EndGlobal
